
Microsoft Visual Studio Solution File, Format Version 12.00
# Visual Studio Version 17
VisualStudioVersion = 17.11.35327.3
MinimumVisualStudioVersion = 10.0.40219.1
Project("{FAE04EC0-301F-11D3-BF4B-00C04F79EFBC}") = "dotNet", "dotNet\dotNet.csproj", "{B6E52BB0-0247-40CF-B2A8-04D555F6CC69}"
EndProject
Global
	GlobalSection(SolutionConfigurationPlatforms) = preSolution
		Debug|Any CPU = Debug|Any CPU
		Release|Any CPU = Release|Any CPU
	EndGlobalSection
	GlobalSection(ProjectConfigurationPlatforms) = postSolution
		{B6E52BB0-0247-40CF-B2A8-04D555F6CC69}.Debug|Any CPU.ActiveCfg = Debug|Any CPU
		{B6E52BB0-0247-40CF-B2A8-04D555F6CC69}.Debug|Any CPU.Build.0 = Debug|Any CPU
		{B6E52BB0-0247-40CF-B2A8-04D555F6CC69}.Release|Any CPU.ActiveCfg = Release|Any CPU
		{B6E52BB0-0247-40CF-B2A8-04D555F6CC69}.Release|Any CPU.Build.0 = Release|Any CPU
	EndGlobalSection
	GlobalSection(SolutionProperties) = preSolution
		HideSolutionNode = FALSE
	EndGlobalSection
	GlobalSection(ExtensibilityGlobals) = postSolution
		SolutionGuid = {3BA8919A-A4E0-481A-A13B-4FB71F47E16D}
	EndGlobalSection
EndGlobal
